
Microsoft Visual Studio Solution File, Format Version 12.00
# Visual Studio 15
VisualStudioVersion = 15.0.27130.0
MinimumVisualStudioVersion = 10.0.40219.1
Project("{FAE04EC0-301F-11D3-BF4B-00C04F79EFBC}") = "YouTubeCSharp", "YouTubeCSharp\YouTubeCSharp.csproj", "{B0D20D22-0667-46F5-80BC-E7D4F205D498}"
EndProject
Project("{FAE04EC0-301F-11D3-BF4B-00C04F79EFBC}") = "ProjectA.TeamC", "ProjectA.TeamC\ProjectA.TeamC.csproj", "{0CAAE03D-CAD7-4C86-9B05-860544E93DDE}"
EndProject
Project("{FAE04EC0-301F-11D3-BF4B-00C04F79EFBC}") = "ProjectA.TeamD", "ProjectA.TeamD\ProjectA.TeamD.csproj", "{46502C2D-6640-425F-8F09-6F48F8287CE0}"
EndProject
Project("{9A19103F-16F7-4668-BE54-9A1E7A4F7556}") = "Part2", "Part2\Part2.csproj", "{FBAC93F6-3CDD-4313-BA7B-F9B69BB50125}"
EndProject
Project("{9A19103F-16F7-4668-BE54-9A1E7A4F7556}") = "AssemblyTwo", "AssemblyTwo\AssemblyTwo.csproj", "{44268C43-EBC1-4D0E-84D2-04E51AB26FAA}"
EndProject
Project("{9A19103F-16F7-4668-BE54-9A1E7A4F7556}") = "AssemblyOne", "AssemblyOne\AssemblyOne.csproj", "{75AA9BC0-76FE-4FE6-A96E-BE08ADCD8AC0}"
EndProject
Project("{FAE04EC0-301F-11D3-BF4B-00C04F79EFBC}") = "Reflection", "Reflection\Reflection.csproj", "{0DEF04C9-59DE-4E1B-BA88-F94C59323EEC}"
EndProject
Project("{E24C65DC-7377-472B-9ABA-BC803B73C61A}") = "AdoDemo", "AdoDemo\", "{B8A3688A-C78A-4E57-A678-EACDDE28B545}"
	ProjectSection(WebsiteProperties) = preProject
		TargetFrameworkMoniker = ".NETFramework,Version%3Dv4.6.1"
		Debug.AspNetCompiler.VirtualPath = "/localhost_51460"
		Debug.AspNetCompiler.PhysicalPath = "AdoDemo\"
		Debug.AspNetCompiler.TargetPath = "PrecompiledWeb\localhost_51460\"
		Debug.AspNetCompiler.Updateable = "true"
		Debug.AspNetCompiler.ForceOverwrite = "true"
		Debug.AspNetCompiler.FixedNames = "false"
		Debug.AspNetCompiler.Debug = "True"
		Release.AspNetCompiler.VirtualPath = "/localhost_51460"
		Release.AspNetCompiler.PhysicalPath = "AdoDemo\"
		Release.AspNetCompiler.TargetPath = "PrecompiledWeb\localhost_51460\"
		Release.AspNetCompiler.Updateable = "true"
		Release.AspNetCompiler.ForceOverwrite = "true"
		Release.AspNetCompiler.FixedNames = "false"
		Release.AspNetCompiler.Debug = "False"
		VWDPort = "51460"
		SlnRelativePath = "AdoDemo\"
		DefaultWebSiteLanguage = "Visual C#"
	EndProjectSection
EndProject
Project("{9A19103F-16F7-4668-BE54-9A1E7A4F7556}") = "TestRelease", "TestRelease\TestRelease.csproj", "{5C5991E1-64B0-4F2F-8699-BBC6210316B9}"
EndProject
Global
	GlobalSection(SolutionConfigurationPlatforms) = preSolution
		Debug|Any CPU = Debug|Any CPU
		Debug|ARM = Debug|ARM
		Debug|x64 = Debug|x64
		Debug|x86 = Debug|x86
		Release|Any CPU = Release|Any CPU
		Release|ARM = Release|ARM
		Release|x64 = Release|x64
		Release|x86 = Release|x86
	EndGlobalSection
	GlobalSection(ProjectConfigurationPlatforms) = postSolution
		{B0D20D22-0667-46F5-80BC-E7D4F205D498}.Debug|Any CPU.ActiveCfg = Debug|Any CPU
		{B0D20D22-0667-46F5-80BC-E7D4F205D498}.Debug|Any CPU.Build.0 = Debug|Any CPU
		{B0D20D22-0667-46F5-80BC-E7D4F205D498}.Debug|ARM.ActiveCfg = Debug|Any CPU
		{B0D20D22-0667-46F5-80BC-E7D4F205D498}.Debug|ARM.Build.0 = Debug|Any CPU
		{B0D20D22-0667-46F5-80BC-E7D4F205D498}.Debug|x64.ActiveCfg = Debug|Any CPU
		{B0D20D22-0667-46F5-80BC-E7D4F205D498}.Debug|x64.Build.0 = Debug|Any CPU
		{B0D20D22-0667-46F5-80BC-E7D4F205D498}.Debug|x86.ActiveCfg = Debug|Any CPU
		{B0D20D22-0667-46F5-80BC-E7D4F205D498}.Debug|x86.Build.0 = Debug|Any CPU
		{B0D20D22-0667-46F5-80BC-E7D4F205D498}.Release|Any CPU.ActiveCfg = Release|Any CPU
		{B0D20D22-0667-46F5-80BC-E7D4F205D498}.Release|Any CPU.Build.0 = Release|Any CPU
		{B0D20D22-0667-46F5-80BC-E7D4F205D498}.Release|ARM.ActiveCfg = Release|Any CPU
		{B0D20D22-0667-46F5-80BC-E7D4F205D498}.Release|ARM.Build.0 = Release|Any CPU
		{B0D20D22-0667-46F5-80BC-E7D4F205D498}.Release|x64.ActiveCfg = Release|Any CPU
		{B0D20D22-0667-46F5-80BC-E7D4F205D498}.Release|x64.Build.0 = Release|Any CPU
		{B0D20D22-0667-46F5-80BC-E7D4F205D498}.Release|x86.ActiveCfg = Release|Any CPU
		{B0D20D22-0667-46F5-80BC-E7D4F205D498}.Release|x86.Build.0 = Release|Any CPU
		{0CAAE03D-CAD7-4C86-9B05-860544E93DDE}.Debug|Any CPU.ActiveCfg = Debug|Any CPU
		{0CAAE03D-CAD7-4C86-9B05-860544E93DDE}.Debug|Any CPU.Build.0 = Debug|Any CPU
		{0CAAE03D-CAD7-4C86-9B05-860544E93DDE}.Debug|ARM.ActiveCfg = Debug|Any CPU
		{0CAAE03D-CAD7-4C86-9B05-860544E93DDE}.Debug|ARM.Build.0 = Debug|Any CPU
		{0CAAE03D-CAD7-4C86-9B05-860544E93DDE}.Debug|x64.ActiveCfg = Debug|Any CPU
		{0CAAE03D-CAD7-4C86-9B05-860544E93DDE}.Debug|x64.Build.0 = Debug|Any CPU
		{0CAAE03D-CAD7-4C86-9B05-860544E93DDE}.Debug|x86.ActiveCfg = Debug|Any CPU
		{0CAAE03D-CAD7-4C86-9B05-860544E93DDE}.Debug|x86.Build.0 = Debug|Any CPU
		{0CAAE03D-CAD7-4C86-9B05-860544E93DDE}.Release|Any CPU.ActiveCfg = Release|Any CPU
		{0CAAE03D-CAD7-4C86-9B05-860544E93DDE}.Release|Any CPU.Build.0 = Release|Any CPU
		{0CAAE03D-CAD7-4C86-9B05-860544E93DDE}.Release|ARM.ActiveCfg = Release|Any CPU
		{0CAAE03D-CAD7-4C86-9B05-860544E93DDE}.Release|ARM.Build.0 = Release|Any CPU
		{0CAAE03D-CAD7-4C86-9B05-860544E93DDE}.Release|x64.ActiveCfg = Release|Any CPU
		{0CAAE03D-CAD7-4C86-9B05-860544E93DDE}.Release|x64.Build.0 = Release|Any CPU
		{0CAAE03D-CAD7-4C86-9B05-860544E93DDE}.Release|x86.ActiveCfg = Release|Any CPU
		{0CAAE03D-CAD7-4C86-9B05-860544E93DDE}.Release|x86.Build.0 = Release|Any CPU
		{46502C2D-6640-425F-8F09-6F48F8287CE0}.Debug|Any CPU.ActiveCfg = Debug|Any CPU
		{46502C2D-6640-425F-8F09-6F48F8287CE0}.Debug|Any CPU.Build.0 = Debug|Any CPU
		{46502C2D-6640-425F-8F09-6F48F8287CE0}.Debug|ARM.ActiveCfg = Debug|Any CPU
		{46502C2D-6640-425F-8F09-6F48F8287CE0}.Debug|ARM.Build.0 = Debug|Any CPU
		{46502C2D-6640-425F-8F09-6F48F8287CE0}.Debug|x64.ActiveCfg = Debug|Any CPU
		{46502C2D-6640-425F-8F09-6F48F8287CE0}.Debug|x64.Build.0 = Debug|Any CPU
		{46502C2D-6640-425F-8F09-6F48F8287CE0}.Debug|x86.ActiveCfg = Debug|Any CPU
		{46502C2D-6640-425F-8F09-6F48F8287CE0}.Debug|x86.Build.0 = Debug|Any CPU
		{46502C2D-6640-425F-8F09-6F48F8287CE0}.Release|Any CPU.ActiveCfg = Release|Any CPU
		{46502C2D-6640-425F-8F09-6F48F8287CE0}.Release|Any CPU.Build.0 = Release|Any CPU
		{46502C2D-6640-425F-8F09-6F48F8287CE0}.Release|ARM.ActiveCfg = Release|Any CPU
		{46502C2D-6640-425F-8F09-6F48F8287CE0}.Release|ARM.Build.0 = Release|Any CPU
		{46502C2D-6640-425F-8F09-6F48F8287CE0}.Release|x64.ActiveCfg = Release|Any CPU
		{46502C2D-6640-425F-8F09-6F48F8287CE0}.Release|x64.Build.0 = Release|Any CPU
		{46502C2D-6640-425F-8F09-6F48F8287CE0}.Release|x86.ActiveCfg = Release|Any CPU
		{46502C2D-6640-425F-8F09-6F48F8287CE0}.Release|x86.Build.0 = Release|Any CPU
		{FBAC93F6-3CDD-4313-BA7B-F9B69BB50125}.Debug|Any CPU.ActiveCfg = Debug|Any CPU
		{FBAC93F6-3CDD-4313-BA7B-F9B69BB50125}.Debug|Any CPU.Build.0 = Debug|Any CPU
		{FBAC93F6-3CDD-4313-BA7B-F9B69BB50125}.Debug|ARM.ActiveCfg = Debug|Any CPU
		{FBAC93F6-3CDD-4313-BA7B-F9B69BB50125}.Debug|ARM.Build.0 = Debug|Any CPU
		{FBAC93F6-3CDD-4313-BA7B-F9B69BB50125}.Debug|x64.ActiveCfg = Debug|Any CPU
		{FBAC93F6-3CDD-4313-BA7B-F9B69BB50125}.Debug|x64.Build.0 = Debug|Any CPU
		{FBAC93F6-3CDD-4313-BA7B-F9B69BB50125}.Debug|x86.ActiveCfg = Debug|Any CPU
		{FBAC93F6-3CDD-4313-BA7B-F9B69BB50125}.Debug|x86.Build.0 = Debug|Any CPU
		{FBAC93F6-3CDD-4313-BA7B-F9B69BB50125}.Release|Any CPU.ActiveCfg = Release|Any CPU
		{FBAC93F6-3CDD-4313-BA7B-F9B69BB50125}.Release|Any CPU.Build.0 = Release|Any CPU
		{FBAC93F6-3CDD-4313-BA7B-F9B69BB50125}.Release|ARM.ActiveCfg = Release|Any CPU
		{FBAC93F6-3CDD-4313-BA7B-F9B69BB50125}.Release|ARM.Build.0 = Release|Any CPU
		{FBAC93F6-3CDD-4313-BA7B-F9B69BB50125}.Release|x64.ActiveCfg = Release|Any CPU
		{FBAC93F6-3CDD-4313-BA7B-F9B69BB50125}.Release|x64.Build.0 = Release|Any CPU
		{FBAC93F6-3CDD-4313-BA7B-F9B69BB50125}.Release|x86.ActiveCfg = Release|Any CPU
		{FBAC93F6-3CDD-4313-BA7B-F9B69BB50125}.Release|x86.Build.0 = Release|Any CPU
		{44268C43-EBC1-4D0E-84D2-04E51AB26FAA}.Debug|Any CPU.ActiveCfg = Debug|Any CPU
		{44268C43-EBC1-4D0E-84D2-04E51AB26FAA}.Debug|Any CPU.Build.0 = Debug|Any CPU
		{44268C43-EBC1-4D0E-84D2-04E51AB26FAA}.Debug|ARM.ActiveCfg = Debug|Any CPU
		{44268C43-EBC1-4D0E-84D2-04E51AB26FAA}.Debug|ARM.Build.0 = Debug|Any CPU
		{44268C43-EBC1-4D0E-84D2-04E51AB26FAA}.Debug|x64.ActiveCfg = Debug|Any CPU
		{44268C43-EBC1-4D0E-84D2-04E51AB26FAA}.Debug|x64.Build.0 = Debug|Any CPU
		{44268C43-EBC1-4D0E-84D2-04E51AB26FAA}.Debug|x86.ActiveCfg = Debug|Any CPU
		{44268C43-EBC1-4D0E-84D2-04E51AB26FAA}.Debug|x86.Build.0 = Debug|Any CPU
		{44268C43-EBC1-4D0E-84D2-04E51AB26FAA}.Release|Any CPU.ActiveCfg = Release|Any CPU
		{44268C43-EBC1-4D0E-84D2-04E51AB26FAA}.Release|Any CPU.Build.0 = Release|Any CPU
		{44268C43-EBC1-4D0E-84D2-04E51AB26FAA}.Release|ARM.ActiveCfg = Release|Any CPU
		{44268C43-EBC1-4D0E-84D2-04E51AB26FAA}.Release|ARM.Build.0 = Release|Any CPU
		{44268C43-EBC1-4D0E-84D2-04E51AB26FAA}.Release|x64.ActiveCfg = Release|Any CPU
		{44268C43-EBC1-4D0E-84D2-04E51AB26FAA}.Release|x64.Build.0 = Release|Any CPU
		{44268C43-EBC1-4D0E-84D2-04E51AB26FAA}.Release|x86.ActiveCfg = Release|Any CPU
		{44268C43-EBC1-4D0E-84D2-04E51AB26FAA}.Release|x86.Build.0 = Release|Any CPU
		{75AA9BC0-76FE-4FE6-A96E-BE08ADCD8AC0}.Debug|Any CPU.ActiveCfg = Debug|Any CPU
		{75AA9BC0-76FE-4FE6-A96E-BE08ADCD8AC0}.Debug|Any CPU.Build.0 = Debug|Any CPU
		{75AA9BC0-76FE-4FE6-A96E-BE08ADCD8AC0}.Debug|ARM.ActiveCfg = Debug|Any CPU
		{75AA9BC0-76FE-4FE6-A96E-BE08ADCD8AC0}.Debug|ARM.Build.0 = Debug|Any CPU
		{75AA9BC0-76FE-4FE6-A96E-BE08ADCD8AC0}.Debug|x64.ActiveCfg = Debug|Any CPU
		{75AA9BC0-76FE-4FE6-A96E-BE08ADCD8AC0}.Debug|x64.Build.0 = Debug|Any CPU
		{75AA9BC0-76FE-4FE6-A96E-BE08ADCD8AC0}.Debug|x86.ActiveCfg = Debug|Any CPU
		{75AA9BC0-76FE-4FE6-A96E-BE08ADCD8AC0}.Debug|x86.Build.0 = Debug|Any CPU
		{75AA9BC0-76FE-4FE6-A96E-BE08ADCD8AC0}.Release|Any CPU.ActiveCfg = Release|Any CPU
		{75AA9BC0-76FE-4FE6-A96E-BE08ADCD8AC0}.Release|Any CPU.Build.0 = Release|Any CPU
		{75AA9BC0-76FE-4FE6-A96E-BE08ADCD8AC0}.Release|ARM.ActiveCfg = Release|Any CPU
		{75AA9BC0-76FE-4FE6-A96E-BE08ADCD8AC0}.Release|ARM.Build.0 = Release|Any CPU
		{75AA9BC0-76FE-4FE6-A96E-BE08ADCD8AC0}.Release|x64.ActiveCfg = Release|Any CPU
		{75AA9BC0-76FE-4FE6-A96E-BE08ADCD8AC0}.Release|x64.Build.0 = Release|Any CPU
		{75AA9BC0-76FE-4FE6-A96E-BE08ADCD8AC0}.Release|x86.ActiveCfg = Release|Any CPU
		{75AA9BC0-76FE-4FE6-A96E-BE08ADCD8AC0}.Release|x86.Build.0 = Release|Any CPU
		{0DEF04C9-59DE-4E1B-BA88-F94C59323EEC}.Debug|Any CPU.ActiveCfg = Debug|Any CPU
		{0DEF04C9-59DE-4E1B-BA88-F94C59323EEC}.Debug|Any CPU.Build.0 = Debug|Any CPU
		{0DEF04C9-59DE-4E1B-BA88-F94C59323EEC}.Debug|ARM.ActiveCfg = Debug|Any CPU
		{0DEF04C9-59DE-4E1B-BA88-F94C59323EEC}.Debug|ARM.Build.0 = Debug|Any CPU
		{0DEF04C9-59DE-4E1B-BA88-F94C59323EEC}.Debug|x64.ActiveCfg = Debug|Any CPU
		{0DEF04C9-59DE-4E1B-BA88-F94C59323EEC}.Debug|x64.Build.0 = Debug|Any CPU
		{0DEF04C9-59DE-4E1B-BA88-F94C59323EEC}.Debug|x86.ActiveCfg = Debug|Any CPU
		{0DEF04C9-59DE-4E1B-BA88-F94C59323EEC}.Debug|x86.Build.0 = Debug|Any CPU
		{0DEF04C9-59DE-4E1B-BA88-F94C59323EEC}.Release|Any CPU.ActiveCfg = Release|Any CPU
		{0DEF04C9-59DE-4E1B-BA88-F94C59323EEC}.Release|Any CPU.Build.0 = Release|Any CPU
		{0DEF04C9-59DE-4E1B-BA88-F94C59323EEC}.Release|ARM.ActiveCfg = Release|Any CPU
		{0DEF04C9-59DE-4E1B-BA88-F94C59323EEC}.Release|ARM.Build.0 = Release|Any CPU
		{0DEF04C9-59DE-4E1B-BA88-F94C59323EEC}.Release|x64.ActiveCfg = Release|Any CPU
		{0DEF04C9-59DE-4E1B-BA88-F94C59323EEC}.Release|x64.Build.0 = Release|Any CPU
		{0DEF04C9-59DE-4E1B-BA88-F94C59323EEC}.Release|x86.ActiveCfg = Release|Any CPU
		{0DEF04C9-59DE-4E1B-BA88-F94C59323EEC}.Release|x86.Build.0 = Release|Any CPU
		{B8A3688A-C78A-4E57-A678-EACDDE28B545}.Debug|Any CPU.ActiveCfg = Debug|Any CPU
		{B8A3688A-C78A-4E57-A678-EACDDE28B545}.Debug|Any CPU.Build.0 = Debug|Any CPU
		{B8A3688A-C78A-4E57-A678-EACDDE28B545}.Debug|ARM.ActiveCfg = Debug|Any CPU
		{B8A3688A-C78A-4E57-A678-EACDDE28B545}.Debug|ARM.Build.0 = Debug|Any CPU
		{B8A3688A-C78A-4E57-A678-EACDDE28B545}.Debug|x64.ActiveCfg = Debug|Any CPU
		{B8A3688A-C78A-4E57-A678-EACDDE28B545}.Debug|x64.Build.0 = Debug|Any CPU
		{B8A3688A-C78A-4E57-A678-EACDDE28B545}.Debug|x86.ActiveCfg = Debug|Any CPU
		{B8A3688A-C78A-4E57-A678-EACDDE28B545}.Debug|x86.Build.0 = Debug|Any CPU
		{B8A3688A-C78A-4E57-A678-EACDDE28B545}.Release|Any CPU.ActiveCfg = Debug|Any CPU
		{B8A3688A-C78A-4E57-A678-EACDDE28B545}.Release|Any CPU.Build.0 = Debug|Any CPU
		{B8A3688A-C78A-4E57-A678-EACDDE28B545}.Release|ARM.ActiveCfg = Debug|Any CPU
		{B8A3688A-C78A-4E57-A678-EACDDE28B545}.Release|ARM.Build.0 = Debug|Any CPU
		{B8A3688A-C78A-4E57-A678-EACDDE28B545}.Release|x64.ActiveCfg = Debug|Any CPU
		{B8A3688A-C78A-4E57-A678-EACDDE28B545}.Release|x64.Build.0 = Debug|Any CPU
		{B8A3688A-C78A-4E57-A678-EACDDE28B545}.Release|x86.ActiveCfg = Debug|Any CPU
		{B8A3688A-C78A-4E57-A678-EACDDE28B545}.Release|x86.Build.0 = Debug|Any CPU
		{5C5991E1-64B0-4F2F-8699-BBC6210316B9}.Debug|Any CPU.ActiveCfg = Debug|Any CPU
		{5C5991E1-64B0-4F2F-8699-BBC6210316B9}.Debug|Any CPU.Build.0 = Debug|Any CPU
		{5C5991E1-64B0-4F2F-8699-BBC6210316B9}.Debug|ARM.ActiveCfg = Debug|Any CPU
		{5C5991E1-64B0-4F2F-8699-BBC6210316B9}.Debug|ARM.Build.0 = Debug|Any CPU
		{5C5991E1-64B0-4F2F-8699-BBC6210316B9}.Debug|x64.ActiveCfg = Debug|Any CPU
		{5C5991E1-64B0-4F2F-8699-BBC6210316B9}.Debug|x64.Build.0 = Debug|Any CPU
		{5C5991E1-64B0-4F2F-8699-BBC6210316B9}.Debug|x86.ActiveCfg = Debug|Any CPU
		{5C5991E1-64B0-4F2F-8699-BBC6210316B9}.Debug|x86.Build.0 = Debug|Any CPU
		{5C5991E1-64B0-4F2F-8699-BBC6210316B9}.Release|Any CPU.ActiveCfg = Release|Any CPU
		{5C5991E1-64B0-4F2F-8699-BBC6210316B9}.Release|Any CPU.Build.0 = Release|Any CPU
		{5C5991E1-64B0-4F2F-8699-BBC6210316B9}.Release|ARM.ActiveCfg = Release|Any CPU
		{5C5991E1-64B0-4F2F-8699-BBC6210316B9}.Release|ARM.Build.0 = Release|Any CPU
		{5C5991E1-64B0-4F2F-8699-BBC6210316B9}.Release|x64.ActiveCfg = Release|Any CPU
		{5C5991E1-64B0-4F2F-8699-BBC6210316B9}.Release|x64.Build.0 = Release|Any CPU
		{5C5991E1-64B0-4F2F-8699-BBC6210316B9}.Release|x86.ActiveCfg = Release|Any CPU
		{5C5991E1-64B0-4F2F-8699-BBC6210316B9}.Release|x86.Build.0 = Release|Any CPU
	EndGlobalSection
	GlobalSection(SolutionProperties) = preSolution
		HideSolutionNode = FALSE
	EndGlobalSection
	GlobalSection(ExtensibilityGlobals) = postSolution
		SolutionGuid = {873EC3D6-FDEA-4F37-B3B1-AD489E361415}
	EndGlobalSection
EndGlobal
